
Microsoft Visual Studio Solution File, Format Version 12.00
# Visual Studio 2012
Project("{2150E333-8FDC-42A3-9474-1A3956D46DE8}") = "Tests", "Tests", "{8A758F7D-C82A-4010-9E99-621949FCC440}"
EndProject
Project("{2150E333-8FDC-42A3-9474-1A3956D46DE8}") = "Solution Items", "Solution Items", "{4A012C95-90A6-42E5-A510-1163A86E47B2}"
	ProjectSection(SolutionItems) = preProject
		Cerebello.vsmdi = Cerebello.vsmdi
		Local.testsettings = Local.testsettings
		TraceAndTestImpact.testsettings = TraceAndTestImpact.testsettings
	EndProjectSection
EndProject
Project("{CC5FD16D-436D-48AD-A40C-5A424C6E3E79}") = "Cerebello", "Cerebello\Cerebello.ccproj", "{E05B78A9-A9C6-4AE0-8D91-31211E643B19}"
EndProject
Project("{FAE04EC0-301F-11D3-BF4B-00C04F79EFBC}") = "Cerebello.Model", "Cerebello.Model\Cerebello.Model.csproj", "{D5F1D306-C581-42FD-935B-72F71B18775D}"
EndProject
Project("{FAE04EC0-301F-11D3-BF4B-00C04F79EFBC}") = "CerebelloWebRole", "CerebelloWebRole\CerebelloWebRole.csproj", "{FB7B2DD8-7D48-403E-9422-01176EF59A43}"
EndProject
Project("{FAE04EC0-301F-11D3-BF4B-00C04F79EFBC}") = "Cerebello.Firestarter", "Cerebello.Firestarter\Cerebello.Firestarter.csproj", "{910ADA48-2A68-4783-B70B-314D9BAA1428}"
EndProject
Project("{FAE04EC0-301F-11D3-BF4B-00C04F79EFBC}") = "CerebelloWebRole.Tests", "CerebelloWebRole.Tests\CerebelloWebRole.Tests.csproj", "{6EE63206-FF20-496B-83F1-232944BE6E97}"
EndProject
Global
	GlobalSection(TestCaseManagementSettings) = postSolution
		CategoryFile = Cerebello.vsmdi
	EndGlobalSection
	GlobalSection(SolutionConfigurationPlatforms) = preSolution
		Debug|Any CPU = Debug|Any CPU
		Debug|Mixed Platforms = Debug|Mixed Platforms
		Debug|x86 = Debug|x86
		Release|Any CPU = Release|Any CPU
		Release|Mixed Platforms = Release|Mixed Platforms
		Release|x86 = Release|x86
	EndGlobalSection
	GlobalSection(ProjectConfigurationPlatforms) = postSolution
		{E05B78A9-A9C6-4AE0-8D91-31211E643B19}.Debug|Any CPU.ActiveCfg = Debug|Any CPU
		{E05B78A9-A9C6-4AE0-8D91-31211E643B19}.Debug|Any CPU.Build.0 = Debug|Any CPU
		{E05B78A9-A9C6-4AE0-8D91-31211E643B19}.Debug|Mixed Platforms.ActiveCfg = Debug|Any CPU
		{E05B78A9-A9C6-4AE0-8D91-31211E643B19}.Debug|Mixed Platforms.Build.0 = Debug|Any CPU
		{E05B78A9-A9C6-4AE0-8D91-31211E643B19}.Debug|x86.ActiveCfg = Debug|Any CPU
		{E05B78A9-A9C6-4AE0-8D91-31211E643B19}.Release|Any CPU.ActiveCfg = Release|Any CPU
		{E05B78A9-A9C6-4AE0-8D91-31211E643B19}.Release|Any CPU.Build.0 = Release|Any CPU
		{E05B78A9-A9C6-4AE0-8D91-31211E643B19}.Release|Mixed Platforms.ActiveCfg = Release|Any CPU
		{E05B78A9-A9C6-4AE0-8D91-31211E643B19}.Release|Mixed Platforms.Build.0 = Release|Any CPU
		{E05B78A9-A9C6-4AE0-8D91-31211E643B19}.Release|x86.ActiveCfg = Release|Any CPU
		{D5F1D306-C581-42FD-935B-72F71B18775D}.Debug|Any CPU.ActiveCfg = Debug|Any CPU
		{D5F1D306-C581-42FD-935B-72F71B18775D}.Debug|Any CPU.Build.0 = Debug|Any CPU
		{D5F1D306-C581-42FD-935B-72F71B18775D}.Debug|Mixed Platforms.ActiveCfg = Debug|Any CPU
		{D5F1D306-C581-42FD-935B-72F71B18775D}.Debug|Mixed Platforms.Build.0 = Debug|Any CPU
		{D5F1D306-C581-42FD-935B-72F71B18775D}.Debug|x86.ActiveCfg = Debug|Any CPU
		{D5F1D306-C581-42FD-935B-72F71B18775D}.Release|Any CPU.ActiveCfg = Release|Any CPU
		{D5F1D306-C581-42FD-935B-72F71B18775D}.Release|Any CPU.Build.0 = Release|Any CPU
		{D5F1D306-C581-42FD-935B-72F71B18775D}.Release|Mixed Platforms.ActiveCfg = Release|Any CPU
		{D5F1D306-C581-42FD-935B-72F71B18775D}.Release|Mixed Platforms.Build.0 = Release|Any CPU
		{D5F1D306-C581-42FD-935B-72F71B18775D}.Release|x86.ActiveCfg = Release|Any CPU
		{FB7B2DD8-7D48-403E-9422-01176EF59A43}.Debug|Any CPU.ActiveCfg = Debug|Any CPU
		{FB7B2DD8-7D48-403E-9422-01176EF59A43}.Debug|Any CPU.Build.0 = Debug|Any CPU
		{FB7B2DD8-7D48-403E-9422-01176EF59A43}.Debug|Mixed Platforms.ActiveCfg = Debug|Any CPU
		{FB7B2DD8-7D48-403E-9422-01176EF59A43}.Debug|Mixed Platforms.Build.0 = Debug|Any CPU
		{FB7B2DD8-7D48-403E-9422-01176EF59A43}.Debug|x86.ActiveCfg = Debug|Any CPU
		{FB7B2DD8-7D48-403E-9422-01176EF59A43}.Release|Any CPU.ActiveCfg = Release|Any CPU
		{FB7B2DD8-7D48-403E-9422-01176EF59A43}.Release|Any CPU.Build.0 = Release|Any CPU
		{FB7B2DD8-7D48-403E-9422-01176EF59A43}.Release|Mixed Platforms.ActiveCfg = Release|Any CPU
		{FB7B2DD8-7D48-403E-9422-01176EF59A43}.Release|Mixed Platforms.Build.0 = Release|Any CPU
		{FB7B2DD8-7D48-403E-9422-01176EF59A43}.Release|x86.ActiveCfg = Release|Any CPU
		{910ADA48-2A68-4783-B70B-314D9BAA1428}.Debug|Any CPU.ActiveCfg = Debug|x86
		{910ADA48-2A68-4783-B70B-314D9BAA1428}.Debug|Any CPU.Build.0 = Debug|x86
		{910ADA48-2A68-4783-B70B-314D9BAA1428}.Debug|Mixed Platforms.ActiveCfg = Debug|x86
		{910ADA48-2A68-4783-B70B-314D9BAA1428}.Debug|Mixed Platforms.Build.0 = Debug|x86
		{910ADA48-2A68-4783-B70B-314D9BAA1428}.Debug|x86.ActiveCfg = Debug|x86
		{910ADA48-2A68-4783-B70B-314D9BAA1428}.Debug|x86.Build.0 = Debug|x86
		{910ADA48-2A68-4783-B70B-314D9BAA1428}.Release|Any CPU.ActiveCfg = Release|x86
		{910ADA48-2A68-4783-B70B-314D9BAA1428}.Release|Mixed Platforms.ActiveCfg = Release|x86
		{910ADA48-2A68-4783-B70B-314D9BAA1428}.Release|Mixed Platforms.Build.0 = Release|x86
		{910ADA48-2A68-4783-B70B-314D9BAA1428}.Release|x86.ActiveCfg = Release|x86
		{910ADA48-2A68-4783-B70B-314D9BAA1428}.Release|x86.Build.0 = Release|x86
		{6EE63206-FF20-496B-83F1-232944BE6E97}.Debug|Any CPU.ActiveCfg = Debug|Any CPU
		{6EE63206-FF20-496B-83F1-232944BE6E97}.Debug|Any CPU.Build.0 = Debug|Any CPU
		{6EE63206-FF20-496B-83F1-232944BE6E97}.Debug|Mixed Platforms.ActiveCfg = Debug|Any CPU
		{6EE63206-FF20-496B-83F1-232944BE6E97}.Debug|Mixed Platforms.Build.0 = Debug|Any CPU
		{6EE63206-FF20-496B-83F1-232944BE6E97}.Debug|x86.ActiveCfg = Debug|Any CPU
		{6EE63206-FF20-496B-83F1-232944BE6E97}.Release|Any CPU.ActiveCfg = Release|Any CPU
		{6EE63206-FF20-496B-83F1-232944BE6E97}.Release|Any CPU.Build.0 = Release|Any CPU
		{6EE63206-FF20-496B-83F1-232944BE6E97}.Release|Mixed Platforms.ActiveCfg = Release|Any CPU
		{6EE63206-FF20-496B-83F1-232944BE6E97}.Release|Mixed Platforms.Build.0 = Release|Any CPU
		{6EE63206-FF20-496B-83F1-232944BE6E97}.Release|x86.ActiveCfg = Release|Any CPU
	EndGlobalSection
	GlobalSection(SolutionProperties) = preSolution
		HideSolutionNode = FALSE
	EndGlobalSection
	GlobalSection(NestedProjects) = preSolution
		{4A012C95-90A6-42E5-A510-1163A86E47B2} = {8A758F7D-C82A-4010-9E99-621949FCC440}
		{6EE63206-FF20-496B-83F1-232944BE6E97} = {8A758F7D-C82A-4010-9E99-621949FCC440}
	EndGlobalSection
EndGlobal
